<?xml version="1.0" encoding="UTF-8" standalone="yes" ?>
<CodeBlocks_project_file>
	<FileVersion major="1" minor="6" />
	<Project>
		<Option title="Boop" />
		<Option pch_mode="2" />
		<Option compiler="gcc" />
		<Build>
			<Target title="Debug">
				<Option output="bin/Debug/Boop" prefix_auto="1" extension_auto="1" />
				<Option object_output="obj/Debug/" />
				<Option type="1" />
				<Option compiler="gcc" />
				<Compiler>
					<Add option="-g" />
					<Add directory="C:/SoftE/Common_12.18.2015/OpenGL/OGX/Source" />
				</Compiler>
				<Linker>
					<Add option="-mwindows" />
				</Linker>
			</Target>
			<Target title="Release">
				<Option output="bin/Release/Boop" prefix_auto="1" extension_auto="1" />
				<Option object_output="obj/Release/" />
				<Option type="1" />
				<Option compiler="gcc" />
				<Compiler>
					<Add option="-O2" />
					<Add directory="C:/SoftE/Common_12.18.2015/OpenGL/OGX/Source" />
				</Compiler>
				<Linker>
					<Add option="-s" />
					<Add option="-mwindows" />
				</Linker>
			</Target>
		</Build>
		<Compiler>
			<Add option="-Wall" />
		</Compiler>
		<Unit filename="../Common_12.18.2015/OpenGL/OGX/Source/Glm_Lite.cpp" />
		<Unit filename="../Common_12.18.2015/OpenGL/OGX/Source/Glm_Lite.h" />
		<Unit filename="Boop.h" />
		<Unit filename="Boop3D.cpp" />
		<Unit filename="Boop3D.h" />
		<Unit filename="Resource.h" />
		<Unit filename="main.cpp" />
		<Unit filename="stdafx.cpp" />
		<Unit filename="stdafx.h" />
		<Unit filename="targetver.h" />
		<Extensions>
			<code_completion />
			<envvars />
			<debugger />
		</Extensions>
	</Project>
</CodeBlocks_project_file>
